
Microsoft Visual Studio Solution File, Format Version 12.00
# Visual Studio Version 17
VisualStudioVersion = 17.0.32112.339
MinimumVisualStudioVersion = 10.0.40219.1
Project("{9A19103F-16F7-4668-BE54-9A1E7A4F7556}") = "DeeplTranslator", "ExcelParseToDeepl\DeeplTranslator.csproj", "{CB9701DB-55C7-4267-A35A-9DEF194DA07B}"
EndProject
Global
	GlobalSection(SolutionConfigurationPlatforms) = preSolution
		Debug|Any CPU = Debug|Any CPU
		Release|Any CPU = Release|Any CPU
	EndGlobalSection
	GlobalSection(ProjectConfigurationPlatforms) = postSolution
		{CB9701DB-55C7-4267-A35A-9DEF194DA07B}.Debug|Any CPU.ActiveCfg = Debug|Any CPU
		{CB9701DB-55C7-4267-A35A-9DEF194DA07B}.Debug|Any CPU.Build.0 = Debug|Any CPU
		{CB9701DB-55C7-4267-A35A-9DEF194DA07B}.Release|Any CPU.ActiveCfg = Release|Any CPU
		{CB9701DB-55C7-4267-A35A-9DEF194DA07B}.Release|Any CPU.Build.0 = Release|Any CPU
	EndGlobalSection
	GlobalSection(SolutionProperties) = preSolution
		HideSolutionNode = FALSE
	EndGlobalSection
	GlobalSection(ExtensibilityGlobals) = postSolution
		SolutionGuid = {D0FC6C1F-312B-4C41-B97F-04CC6B8E2806}
	EndGlobalSection
EndGlobal
